
Microsoft Visual Studio Solution File, Format Version 12.00
# Visual Studio 15
VisualStudioVersion = 15.0.28307.329
MinimumVisualStudioVersion = 10.0.40219.1
Project("{9A19103F-16F7-4668-BE54-9A1E7A4F7556}") = "RestTinderWebAPI", "RestTinderWebAPI\RestTinderWebAPI.csproj", "{37BC3585-4A6C-4948-BDD3-C4A75BC02F5C}"
EndProject
Project("{9A19103F-16F7-4668-BE54-9A1E7A4F7556}") = "RestaurantTinder", "RestaurantTinder\RestaurantTinder.csproj", "{69DBBB59-7C20-4744-ADF5-F3F3A98A5D1E}"
EndProject
Project("{FAE04EC0-301F-11D3-BF4B-00C04F79EFBC}") = "RestaurantTinderIntegrationTests", "RestaurantTinderIntegrationTests\RestaurantTinderIntegrationTests.csproj", "{7B0482F2-A9B1-4394-888C-A516BD5064A5}"
EndProject
Global
	GlobalSection(SolutionConfigurationPlatforms) = preSolution
		Debug|Any CPU = Debug|Any CPU
		Release|Any CPU = Release|Any CPU
	EndGlobalSection
	GlobalSection(ProjectConfigurationPlatforms) = postSolution
		{37BC3585-4A6C-4948-BDD3-C4A75BC02F5C}.Debug|Any CPU.ActiveCfg = Debug|Any CPU
		{37BC3585-4A6C-4948-BDD3-C4A75BC02F5C}.Debug|Any CPU.Build.0 = Debug|Any CPU
		{37BC3585-4A6C-4948-BDD3-C4A75BC02F5C}.Release|Any CPU.ActiveCfg = Release|Any CPU
		{37BC3585-4A6C-4948-BDD3-C4A75BC02F5C}.Release|Any CPU.Build.0 = Release|Any CPU
		{69DBBB59-7C20-4744-ADF5-F3F3A98A5D1E}.Debug|Any CPU.ActiveCfg = Debug|Any CPU
		{69DBBB59-7C20-4744-ADF5-F3F3A98A5D1E}.Debug|Any CPU.Build.0 = Debug|Any CPU
		{69DBBB59-7C20-4744-ADF5-F3F3A98A5D1E}.Release|Any CPU.ActiveCfg = Release|Any CPU
		{69DBBB59-7C20-4744-ADF5-F3F3A98A5D1E}.Release|Any CPU.Build.0 = Release|Any CPU
		{7B0482F2-A9B1-4394-888C-A516BD5064A5}.Debug|Any CPU.ActiveCfg = Debug|Any CPU
		{7B0482F2-A9B1-4394-888C-A516BD5064A5}.Debug|Any CPU.Build.0 = Debug|Any CPU
		{7B0482F2-A9B1-4394-888C-A516BD5064A5}.Release|Any CPU.ActiveCfg = Release|Any CPU
		{7B0482F2-A9B1-4394-888C-A516BD5064A5}.Release|Any CPU.Build.0 = Release|Any CPU
	EndGlobalSection
	GlobalSection(SolutionProperties) = preSolution
		HideSolutionNode = FALSE
	EndGlobalSection
	GlobalSection(ExtensibilityGlobals) = postSolution
		SolutionGuid = {4F7E3692-DFA7-4B4A-B38A-01805206951C}
	EndGlobalSection
EndGlobal
