
Microsoft Visual Studio Solution File, Format Version 12.00
# Visual Studio 15
VisualStudioVersion = 15.0.28307.421
MinimumVisualStudioVersion = 10.0.40219.1
Project("{FAE04EC0-301F-11D3-BF4B-00C04F79EFBC}") = "WebApplication1", "WebApplication1\WebApplication1.csproj", "{1A5AE2E8-2F48-4CBE-959F-AFD5FACAD181}"
EndProject
Project("{FAE04EC0-301F-11D3-BF4B-00C04F79EFBC}") = "ClassLibrary1", "ClassLibrary1\ClassLibrary1.csproj", "{9B8275B6-96E4-4236-A29D-8DB1D326B840}"
EndProject
Global
	GlobalSection(SolutionConfigurationPlatforms) = preSolution
		Debug|Any CPU = Debug|Any CPU
		Release|Any CPU = Release|Any CPU
	EndGlobalSection
	GlobalSection(ProjectConfigurationPlatforms) = postSolution
		{1A5AE2E8-2F48-4CBE-959F-AFD5FACAD181}.Debug|Any CPU.ActiveCfg = Debug|Any CPU
		{1A5AE2E8-2F48-4CBE-959F-AFD5FACAD181}.Debug|Any CPU.Build.0 = Debug|Any CPU
		{1A5AE2E8-2F48-4CBE-959F-AFD5FACAD181}.Release|Any CPU.ActiveCfg = Release|Any CPU
		{1A5AE2E8-2F48-4CBE-959F-AFD5FACAD181}.Release|Any CPU.Build.0 = Release|Any CPU
		{9B8275B6-96E4-4236-A29D-8DB1D326B840}.Debug|Any CPU.ActiveCfg = Debug|Any CPU
		{9B8275B6-96E4-4236-A29D-8DB1D326B840}.Debug|Any CPU.Build.0 = Debug|Any CPU
		{9B8275B6-96E4-4236-A29D-8DB1D326B840}.Release|Any CPU.ActiveCfg = Release|Any CPU
		{9B8275B6-96E4-4236-A29D-8DB1D326B840}.Release|Any CPU.Build.0 = Release|Any CPU
	EndGlobalSection
	GlobalSection(SolutionProperties) = preSolution
		HideSolutionNode = FALSE
	EndGlobalSection
	GlobalSection(ExtensibilityGlobals) = postSolution
		SolutionGuid = {B5FFD027-0872-44F3-AA90-D2AB71F41EFD}
	EndGlobalSection
EndGlobal
